
Microsoft Visual Studio Solution File, Format Version 12.00
# Visual Studio 15
VisualStudioVersion = 15.0.27004.2009
MinimumVisualStudioVersion = 10.0.40219.1
Project("{FAE04EC0-301F-11D3-BF4B-00C04F79EFBC}") = "HumanStoryteller", "Source\HumanStoryteller.csproj", "{D7D21B4A-1DA7-41D8-B202-C58CA8FA62AA}"
EndProject
Project("{FAE04EC0-301F-11D3-BF4B-00C04F79EFBC}") = "TwitchStories", "..\..\..\..\..\..\..\TS\TwitchStories.csproj", "{ED7D30B2-2933-4143-AE8B-658D14CB3FDD}"
EndProject
Project("{FAE04EC0-301F-11D3-BF4B-00C04F79EFBC}") = "Glitterworld-Prime", "..\..\..\..\..\..\..\Users\niek1\Desktop\GlitterworldPrime\Glitterworld-Prime.csproj", "{FF22CD6D-974F-4DA7-8380-AF06972AAD10}"
EndProject
Project("{FAE04EC0-301F-11D3-BF4B-00C04F79EFBC}") = "TestHumanStoryteller", "TestHumanStoryteller\TestHumanStoryteller.csproj", "{F6780427-65C1-4EE6-9D10-057E52C0F43C}"
EndProject
Project("{FAE04EC0-301F-11D3-BF4B-00C04F79EFBC}") = "Assembly-CSharp", "..\..\..\..\..\..\..\Users\niek1\Desktop\RimWorld stuff\refrence 1.1\Assembly-CSharp.csproj", "{B00D6798-261A-4C5F-B3C5-29468DBE75DF}"
EndProject
Global
	GlobalSection(SolutionConfigurationPlatforms) = preSolution
		Debug|Any CPU = Debug|Any CPU
		Release|Any CPU = Release|Any CPU
	EndGlobalSection
	GlobalSection(ProjectConfigurationPlatforms) = postSolution
		{D7D21B4A-1DA7-41D8-B202-C58CA8FA62AA}.Debug|Any CPU.ActiveCfg = Debug|Any CPU
		{D7D21B4A-1DA7-41D8-B202-C58CA8FA62AA}.Debug|Any CPU.Build.0 = Debug|Any CPU
		{D7D21B4A-1DA7-41D8-B202-C58CA8FA62AA}.Release|Any CPU.ActiveCfg = Release|Any CPU
		{D7D21B4A-1DA7-41D8-B202-C58CA8FA62AA}.Release|Any CPU.Build.0 = Release|Any CPU
		{F6780427-65C1-4EE6-9D10-057E52C0F43C}.Debug|Any CPU.ActiveCfg = Debug|Any CPU
		{F6780427-65C1-4EE6-9D10-057E52C0F43C}.Debug|Any CPU.Build.0 = Debug|Any CPU
		{F6780427-65C1-4EE6-9D10-057E52C0F43C}.Release|Any CPU.ActiveCfg = Release|Any CPU
		{F6780427-65C1-4EE6-9D10-057E52C0F43C}.Release|Any CPU.Build.0 = Release|Any CPU
	EndGlobalSection
	GlobalSection(SolutionProperties) = preSolution
		HideSolutionNode = FALSE
	EndGlobalSection
	GlobalSection(ExtensibilityGlobals) = postSolution
		SolutionGuid = {28CF9A73-5333-4EB3-BFCC-3FBEDDA19200}
	EndGlobalSection
EndGlobal
